{
    "_readme": [
        "This file locks the dependencies of your project to a known state",
        "Read more about it at https://getcomposer.org/doc/01-basic-usage.md#installing-dependencies",
        "This file is @generated automatically"
    ],
    "content-hash": "e2efbd9ac18a28f2b28e58355cb78391",
    "packages": [
        {
            "name": "ashleyfae/software-updater-sdk",
            "version": "dev-main",
            "source": {
                "type": "git",
                "url": "https://github.com/ashleyfae/software-updater-sdk.git",
                "reference": "a7e8065063f189090c40c427de12b9ae8cfa5c7c"
            },
            "dist": {
                "type": "zip",
                "url": "https://api.github.com/repos/ashleyfae/software-updater-sdk/zipball/a7e8065063f189090c40c427de12b9ae8cfa5c7c",
                "reference": "a7e8065063f189090c40c427de12b9ae8cfa5c7c",
                "shasum": ""
            },
            "require": {
                "php": ">=8.0"
            },
            "default-branch": true,
            "type": "library",
            "autoload": {
                "psr-4": {
                    "AshleyFae\\SoftwareUpdater\\": "src/"
                },
                "files": [
                    "src/init.php"
                ]
            },
            "license": [
                "MIT"
            ],
            "description": "WordPress plugin integration with software.nosegraze.com for license management and automatic updates.",
            "support": {
                "source": "https://github.com/ashleyfae/software-updater-sdk/tree/main",
                "issues": "https://github.com/ashleyfae/software-updater-sdk/issues"
            },
            "time": "2026-05-26T13:53:55+00:00"
        }
    ],
    "packages-dev": [],
    "aliases": [],
    "minimum-stability": "dev",
    "stability-flags": {
        "ashleyfae/software-updater-sdk": 20
    },
    "prefer-stable": true,
    "prefer-lowest": false,
    "platform": {
        "php": ">=8.0"
    },
    "platform-dev": {},
    "plugin-api-version": "2.6.0"
}
